
Microsoft Visual Studio Solution File, Format Version 12.00
# Visual Studio 2012
Project("{FAE04EC0-301F-11D3-BF4B-00C04F79EFBC}") = "MethodsNotes", "MethodsNotes.csproj", "{7327DB6D-0C11-4E91-A9EB-1419FFC6B362}"
EndProject
Global
	GlobalSection(SolutionConfigurationPlatforms) = preSolution
		Debug|x86 = Debug|x86
		Release|x86 = Release|x86
	EndGlobalSection
	GlobalSection(ProjectConfigurationPlatforms) = postSolution
		{7327DB6D-0C11-4E91-A9EB-1419FFC6B362}.Debug|x86.ActiveCfg = Debug|x86
		{7327DB6D-0C11-4E91-A9EB-1419FFC6B362}.Debug|x86.Build.0 = Debug|x86
		{7327DB6D-0C11-4E91-A9EB-1419FFC6B362}.Release|x86.ActiveCfg = Release|x86
		{7327DB6D-0C11-4E91-A9EB-1419FFC6B362}.Release|x86.Build.0 = Release|x86
	EndGlobalSection
EndGlobal
